// !$*UTF8*$!
{
	archiveVersion = 1;
	classes = {
	};
	objectVersion = 46;
	objects = {

/* Begin PBXBuildFile section */
		55B490C2AE0556C4253C65EC /* ErrorResponse.swift in Sources */ = {isa = PBXBuildFile; fileRef = 55B49427485D9800F03C4E02 /* ErrorResponse.swift */; };
		55B4919119CF4985EF5EF67F /* DeleteSessionResponse.swift in Sources */ = {isa = PBXBuildFile; fileRef = 55B4969276B087692A08AC1F /* DeleteSessionResponse.swift */; };
		55B4929165C7A0D2AB656B69 /* Account.swift in Sources */ = {isa = PBXBuildFile; fileRef = 55B497C74E5881E2D21615BC /* Account.swift */; };
		55B494CF15829E35E1395BC1 /* NewSessionWithFacebookRequest.swift in Sources */ = {isa = PBXBuildFile; fileRef = 55B49FC3377B4ACBA531730F /* NewSessionWithFacebookRequest.swift */; };
		55B495F4ED2E9D02AF32BDA4 /* FetchUserDataResponse.swift in Sources */ = {isa = PBXBuildFile; fileRef = 55B49934DDD902240479F81A /* FetchUserDataResponse.swift */; };
		55B49633E913504294C405FB /* NewSessionRequest.swift in Sources */ = {isa = PBXBuildFile; fileRef = 55B49D950B81216174043F0D /* NewSessionRequest.swift */; };
		55B4982C1173E56508F51C8E /* NewSessionResponse.swift in Sources */ = {isa = PBXBuildFile; fileRef = 55B49754CE70542D98D7A65A /* NewSessionResponse.swift */; };
		55B49831D21E0C13F522E229 /* SessionResponse.swift in Sources */ = {isa = PBXBuildFile; fileRef = 55B49F2562093981C68C8B89 /* SessionResponse.swift */; };
		55B499CB86FA90A615B6CB3E /* AccountResponse.swift in Sources */ = {isa = PBXBuildFile; fileRef = 55B4937BF104CC946A70C271 /* AccountResponse.swift */; };
		55B49C33E94CB94ECA0813F4 /* NetworkHelper.swift in Sources */ = {isa = PBXBuildFile; fileRef = 55B49562944C913D7AF5DF34 /* NetworkHelper.swift */; };
		55B49CCD0350624E81F8536A /* DataManager.swift in Sources */ = {isa = PBXBuildFile; fileRef = 55B49F9BA170E57D07AAC224 /* DataManager.swift */; };
		55B49E512B9C66AFFA75FFF1 /* UserResponse.swift in Sources */ = {isa = PBXBuildFile; fileRef = 55B4964031C0571C62C1E495 /* UserResponse.swift */; };
		640923611C31E67D00FEFD64 /* UserDefaultsUtils.swift in Sources */ = {isa = PBXBuildFile; fileRef = 640923601C31E67D00FEFD64 /* UserDefaultsUtils.swift */; };
		6422FCD41C35983B00B40E47 /* Pin.swift in Sources */ = {isa = PBXBuildFile; fileRef = 6422FCD31C35983B00B40E47 /* Pin.swift */; };
		6422FCD61C36758700B40E47 /* ErrorAlert.swift in Sources */ = {isa = PBXBuildFile; fileRef = 6422FCD51C36758700B40E47 /* ErrorAlert.swift */; };
		6422FCD81C367B5200B40E47 /* LocationsTabContractPresenter.swift in Sources */ = {isa = PBXBuildFile; fileRef = 6422FCD71C367B5200B40E47 /* LocationsTabContractPresenter.swift */; };
		6422FCDC1C37043800B40E47 /* LocationsTabContractView.swift in Sources */ = {isa = PBXBuildFile; fileRef = 6422FCDB1C37043800B40E47 /* LocationsTabContractView.swift */; };
		6422FCE51C37420D00B40E47 /* LocationsListViewController.swift in Sources */ = {isa = PBXBuildFile; fileRef = 6422FCE41C37420D00B40E47 /* LocationsListViewController.swift */; };
		64367B6E1C2B010C0033AA71 /* AuthenticationContractPresenter.swift in Sources */ = {isa = PBXBuildFile; fileRef = 64367B6D1C2B010C0033AA71 /* AuthenticationContractPresenter.swift */; };
		64367B701C2B01BE0033AA71 /* AuthenticationContractView.swift in Sources */ = {isa = PBXBuildFile; fileRef = 64367B6F1C2B01BE0033AA71 /* AuthenticationContractView.swift */; };
		64367B7B1C2B57EA0033AA71 /* AuthenticationPresenter.swift in Sources */ = {isa = PBXBuildFile; fileRef = 64367B7A1C2B57EA0033AA71 /* AuthenticationPresenter.swift */; };
		6436BDA21C2AFE0000CA3FCC /* AppDelegate.swift in Sources */ = {isa = PBXBuildFile; fileRef = 6436BDA11C2AFE0000CA3FCC /* AppDelegate.swift */; };
		6436BDA41C2AFE0000CA3FCC /* AuthenticationViewController.swift in Sources */ = {isa = PBXBuildFile; fileRef = 6436BDA31C2AFE0000CA3FCC /* AuthenticationViewController.swift */; };
		6436BDA71C2AFE0000CA3FCC /* Main.storyboard in Resources */ = {isa = PBXBuildFile; fileRef = 6436BDA51C2AFE0000CA3FCC /* Main.storyboard */; };
		6436BDA91C2AFE0000CA3FCC /* Assets.xcassets in Resources */ = {isa = PBXBuildFile; fileRef = 6436BDA81C2AFE0000CA3FCC /* Assets.xcassets */; };
		6436BDAC1C2AFE0000CA3FCC /* LaunchScreen.storyboard in Resources */ = {isa = PBXBuildFile; fileRef = 6436BDAA1C2AFE0000CA3FCC /* LaunchScreen.storyboard */; };
		6436BDB71C2AFE0100CA3FCC /* On_The_MapTests.swift in Sources */ = {isa = PBXBuildFile; fileRef = 6436BDB61C2AFE0100CA3FCC /* On_The_MapTests.swift */; };
		6436BDC21C2AFE0100CA3FCC /* On_The_MapUITests.swift in Sources */ = {isa = PBXBuildFile; fileRef = 6436BDC11C2AFE0100CA3FCC /* On_The_MapUITests.swift */; };
		646DFE211C317D950042F5D8 /* Pods_On_The_Map.framework in Frameworks */ = {isa = PBXBuildFile; fileRef = 646DFE201C317D950042F5D8 /* Pods_On_The_Map.framework */; };
		646DFE241C318CA50042F5D8 /* LocationsViewController.swift in Sources */ = {isa = PBXBuildFile; fileRef = 646DFE231C318CA50042F5D8 /* LocationsViewController.swift */; };
		647351771C31A04C0031D218 /* StudentLocationResponse.swift in Sources */ = {isa = PBXBuildFile; fileRef = 647351761C31A04C0031D218 /* StudentLocationResponse.swift */; };
		647351791C31A1620031D218 /* StudentLocationsResponse.swift in Sources */ = {isa = PBXBuildFile; fileRef = 647351781C31A1620031D218 /* StudentLocationsResponse.swift */; };
		6473517B1C31A2B10031D218 /* StudentLocationRequest.swift in Sources */ = {isa = PBXBuildFile; fileRef = 6473517A1C31A2B10031D218 /* StudentLocationRequest.swift */; };
		64764DCD1C31D1FF009BF72D /* MapKit.framework in Frameworks */ = {isa = PBXBuildFile; fileRef = 64764DCC1C31D1FF009BF72D /* MapKit.framework */; };
		64764DD11C31D4F6009BF72D /* LocationsContractView.swift in Sources */ = {isa = PBXBuildFile; fileRef = 64764DD01C31D4F6009BF72D /* LocationsContractView.swift */; };
		64764DD31C31D550009BF72D /* LocationsContractPresenter.swift in Sources */ = {isa = PBXBuildFile; fileRef = 64764DD21C31D550009BF72D /* LocationsContractPresenter.swift */; };
		64764DD51C31D580009BF72D /* LocationsPresenter.swift in Sources */ = {isa = PBXBuildFile; fileRef = 64764DD41C31D580009BF72D /* LocationsPresenter.swift */; };
		64764DDD1C31D80D009BF72D /* LocationsMapViewController.swift in Sources */ = {isa = PBXBuildFile; fileRef = 64764DDC1C31D80D009BF72D /* LocationsMapViewController.swift */; };
		64764DDF1C31D836009BF72D /* LocationsTabPresenter.swift in Sources */ = {isa = PBXBuildFile; fileRef = 64764DDE1C31D836009BF72D /* LocationsTabPresenter.swift */; };
		64764DE11C31D9E4009BF72D /* StudentLocation.swift in Sources */ = {isa = PBXBuildFile; fileRef = 64764DE01C31D9E4009BF72D /* StudentLocation.swift */; };
/* End PBXBuildFile section */

/* Begin PBXContainerItemProxy section */
		6436BDB31C2AFE0100CA3FCC /* PBXContainerItemProxy */ = {
			isa = PBXContainerItemProxy;
			containerPortal = 6436BD961C2AFE0000CA3FCC /* Project object */;
			proxyType = 1;
			remoteGlobalIDString = 6436BD9D1C2AFE0000CA3FCC;
			remoteInfo = "On The Map";
		};
		6436BDBE1C2AFE0100CA3FCC /* PBXContainerItemProxy */ = {
			isa = PBXContainerItemProxy;
			containerPortal = 6436BD961C2AFE0000CA3FCC /* Project object */;
			proxyType = 1;
			remoteGlobalIDString = 6436BD9D1C2AFE0000CA3FCC;
			remoteInfo = "On The Map";
		};
/* End PBXContainerItemProxy section */

/* Begin PBXFileReference section */
		367531602E4A4DD202CE9CAC /* Pods-On The Map.release.xcconfig */ = {isa = PBXFileReference; includeInIndex = 1; lastKnownFileType = text.xcconfig; name = "Pods-On The Map.release.xcconfig"; path = "Pods/Target Support Files/Pods-On The Map/Pods-On The Map.release.xcconfig"; sourceTree = "<group>"; };
		55B4937BF104CC946A70C271 /* AccountResponse.swift */ = {isa = PBXFileReference; fileEncoding = 4; lastKnownFileType = sourcecode.swift; path = AccountResponse.swift; sourceTree = "<group>"; };
		55B49427485D9800F03C4E02 /* ErrorResponse.swift */ = {isa = PBXFileReference; fileEncoding = 4; lastKnownFileType = sourcecode.swift; path = ErrorResponse.swift; sourceTree = "<group>"; };
		55B49562944C913D7AF5DF34 /* NetworkHelper.swift */ = {isa = PBXFileReference; fileEncoding = 4; lastKnownFileType = sourcecode.swift; path = NetworkHelper.swift; sourceTree = "<group>"; };
		55B4964031C0571C62C1E495 /* UserResponse.swift */ = {isa = PBXFileReference; fileEncoding = 4; lastKnownFileType = sourcecode.swift; path = UserResponse.swift; sourceTree = "<group>"; };
		55B4969276B087692A08AC1F /* DeleteSessionResponse.swift */ = {isa = PBXFileReference; fileEncoding = 4; lastKnownFileType = sourcecode.swift; path = DeleteSessionResponse.swift; sourceTree = "<group>"; };
		55B49754CE70542D98D7A65A /* NewSessionResponse.swift */ = {isa = PBXFileReference; fileEncoding = 4; lastKnownFileType = sourcecode.swift; path = NewSessionResponse.swift; sourceTree = "<group>"; };
		55B497C74E5881E2D21615BC /* Account.swift */ = {isa = PBXFileReference; fileEncoding = 4; lastKnownFileType = sourcecode.swift; path = Account.swift; sourceTree = "<group>"; };
		55B49934DDD902240479F81A /* FetchUserDataResponse.swift */ = {isa = PBXFileReference; fileEncoding = 4; lastKnownFileType = sourcecode.swift; path = FetchUserDataResponse.swift; sourceTree = "<group>"; };
		55B49D950B81216174043F0D /* NewSessionRequest.swift */ = {isa = PBXFileReference; fileEncoding = 4; lastKnownFileType = sourcecode.swift; path = NewSessionRequest.swift; sourceTree = "<group>"; };
		55B49F2562093981C68C8B89 /* SessionResponse.swift */ = {isa = PBXFileReference; fileEncoding = 4; lastKnownFileType = sourcecode.swift; path = SessionResponse.swift; sourceTree = "<group>"; };
		55B49F9BA170E57D07AAC224 /* DataManager.swift */ = {isa = PBXFileReference; fileEncoding = 4; lastKnownFileType = sourcecode.swift; path = DataManager.swift; sourceTree = "<group>"; };
		55B49FC3377B4ACBA531730F /* NewSessionWithFacebookRequest.swift */ = {isa = PBXFileReference; fileEncoding = 4; lastKnownFileType = sourcecode.swift; path = NewSessionWithFacebookRequest.swift; sourceTree = "<group>"; };
		640923601C31E67D00FEFD64 /* UserDefaultsUtils.swift */ = {isa = PBXFileReference; fileEncoding = 4; lastKnownFileType = sourcecode.swift; path = UserDefaultsUtils.swift; sourceTree = "<group>"; };
		6422FCD31C35983B00B40E47 /* Pin.swift */ = {isa = PBXFileReference; fileEncoding = 4; lastKnownFileType = sourcecode.swift; path = Pin.swift; sourceTree = "<group>"; };
		6422FCD51C36758700B40E47 /* ErrorAlert.swift */ = {isa = PBXFileReference; fileEncoding = 4; lastKnownFileType = sourcecode.swift; path = ErrorAlert.swift; sourceTree = "<group>"; };
		6422FCD71C367B5200B40E47 /* LocationsTabContractPresenter.swift */ = {isa = PBXFileReference; fileEncoding = 4; lastKnownFileType = sourcecode.swift; path = LocationsTabContractPresenter.swift; sourceTree = "<group>"; };
		6422FCDB1C37043800B40E47 /* LocationsTabContractView.swift */ = {isa = PBXFileReference; fileEncoding = 4; lastKnownFileType = sourcecode.swift; path = LocationsTabContractView.swift; sourceTree = "<group>"; };
		6422FCE41C37420D00B40E47 /* LocationsListViewController.swift */ = {isa = PBXFileReference; fileEncoding = 4; lastKnownFileType = sourcecode.swift; path = LocationsListViewController.swift; sourceTree = "<group>"; };
		64367B6D1C2B010C0033AA71 /* AuthenticationContractPresenter.swift */ = {isa = PBXFileReference; fileEncoding = 4; lastKnownFileType = sourcecode.swift; path = AuthenticationContractPresenter.swift; sourceTree = "<group>"; };
		64367B6F1C2B01BE0033AA71 /* AuthenticationContractView.swift */ = {isa = PBXFileReference; fileEncoding = 4; lastKnownFileType = sourcecode.swift; path = AuthenticationContractView.swift; sourceTree = "<group>"; };
		64367B761C2B52480033AA71 /* Base */ = {isa = PBXFileReference; lastKnownFileType = file.storyboard; name = Base; path = Base.lproj/Main.storyboard; sourceTree = "<group>"; };
		64367B771C2B52480033AA71 /* Base */ = {isa = PBXFileReference; lastKnownFileType = file.storyboard; name = Base; path = Base.lproj/LaunchScreen.storyboard; sourceTree = "<group>"; };
		64367B7A1C2B57EA0033AA71 /* AuthenticationPresenter.swift */ = {isa = PBXFileReference; fileEncoding = 4; lastKnownFileType = sourcecode.swift; path = AuthenticationPresenter.swift; sourceTree = "<group>"; };
		6436BD9E1C2AFE0000CA3FCC /* On The Map.app */ = {isa = PBXFileReference; explicitFileType = wrapper.application; includeInIndex = 0; path = "On The Map.app"; sourceTree = BUILT_PRODUCTS_DIR; };
		6436BDA11C2AFE0000CA3FCC /* AppDelegate.swift */ = {isa = PBXFileReference; lastKnownFileType = sourcecode.swift; path = AppDelegate.swift; sourceTree = "<group>"; };
		6436BDA31C2AFE0000CA3FCC /* AuthenticationViewController.swift */ = {isa = PBXFileReference; lastKnownFileType = sourcecode.swift; path = AuthenticationViewController.swift; sourceTree = "<group>"; };
		6436BDA81C2AFE0000CA3FCC /* Assets.xcassets */ = {isa = PBXFileReference; lastKnownFileType = folder.assetcatalog; path = Assets.xcassets; sourceTree = "<group>"; };
		6436BDAD1C2AFE0000CA3FCC /* Info.plist */ = {isa = PBXFileReference; lastKnownFileType = text.plist.xml; path = Info.plist; sourceTree = "<group>"; };
		6436BDB21C2AFE0100CA3FCC /* On The MapTests.xctest */ = {isa = PBXFileReference; explicitFileType = wrapper.cfbundle; includeInIndex = 0; path = "On The MapTests.xctest"; sourceTree = BUILT_PRODUCTS_DIR; };
		6436BDB61C2AFE0100CA3FCC /* On_The_MapTests.swift */ = {isa = PBXFileReference; lastKnownFileType = sourcecode.swift; path = On_The_MapTests.swift; sourceTree = "<group>"; };
		6436BDB81C2AFE0100CA3FCC /* Info.plist */ = {isa = PBXFileReference; lastKnownFileType = text.plist.xml; path = Info.plist; sourceTree = "<group>"; };
		6436BDBD1C2AFE0100CA3FCC /* On The MapUITests.xctest */ = {isa = PBXFileReference; explicitFileType = wrapper.cfbundle; includeInIndex = 0; path = "On The MapUITests.xctest"; sourceTree = BUILT_PRODUCTS_DIR; };
		6436BDC11C2AFE0100CA3FCC /* On_The_MapUITests.swift */ = {isa = PBXFileReference; lastKnownFileType = sourcecode.swift; path = On_The_MapUITests.swift; sourceTree = "<group>"; };
		6436BDC31C2AFE0100CA3FCC /* Info.plist */ = {isa = PBXFileReference; lastKnownFileType = text.plist.xml; path = Info.plist; sourceTree = "<group>"; };
		646DFE201C317D950042F5D8 /* Pods_On_The_Map.framework */ = {isa = PBXFileReference; lastKnownFileType = wrapper.framework; name = Pods_On_The_Map.framework; path = "build/Release-iphoneos/Pods_On_The_Map.framework"; sourceTree = "<group>"; };
		646DFE231C318CA50042F5D8 /* LocationsViewController.swift */ = {isa = PBXFileReference; fileEncoding = 4; lastKnownFileType = sourcecode.swift; path = LocationsViewController.swift; sourceTree = "<group>"; };
		647351761C31A04C0031D218 /* StudentLocationResponse.swift */ = {isa = PBXFileReference; fileEncoding = 4; lastKnownFileType = sourcecode.swift; path = StudentLocationResponse.swift; sourceTree = "<group>"; };
		647351781C31A1620031D218 /* StudentLocationsResponse.swift */ = {isa = PBXFileReference; fileEncoding = 4; lastKnownFileType = sourcecode.swift; path = StudentLocationsResponse.swift; sourceTree = "<group>"; };
		6473517A1C31A2B10031D218 /* StudentLocationRequest.swift */ = {isa = PBXFileReference; fileEncoding = 4; lastKnownFileType = sourcecode.swift; path = StudentLocationRequest.swift; sourceTree = "<group>"; };
		64764DCC1C31D1FF009BF72D /* MapKit.framework */ = {isa = PBXFileReference; lastKnownFileType = wrapper.framework; name = MapKit.framework; path = System/Library/Frameworks/MapKit.framework; sourceTree = SDKROOT; };
		64764DD01C31D4F6009BF72D /* LocationsContractView.swift */ = {isa = PBXFileReference; fileEncoding = 4; lastKnownFileType = sourcecode.swift; path = LocationsContractView.swift; sourceTree = "<group>"; };
		64764DD21C31D550009BF72D /* LocationsContractPresenter.swift */ = {isa = PBXFileReference; fileEncoding = 4; lastKnownFileType = sourcecode.swift; path = LocationsContractPresenter.swift; sourceTree = "<group>"; };
		64764DD41C31D580009BF72D /* LocationsPresenter.swift */ = {isa = PBXFileReference; fileEncoding = 4; lastKnownFileType = sourcecode.swift; path = LocationsPresenter.swift; sourceTree = "<group>"; };
		64764DDC1C31D80D009BF72D /* LocationsMapViewController.swift */ = {isa = PBXFileReference; fileEncoding = 4; lastKnownFileType = sourcecode.swift; path = LocationsMapViewController.swift; sourceTree = "<group>"; };
		64764DDE1C31D836009BF72D /* LocationsTabPresenter.swift */ = {isa = PBXFileReference; fileEncoding = 4; lastKnownFileType = sourcecode.swift; path = LocationsTabPresenter.swift; sourceTree = "<group>"; };
		64764DE01C31D9E4009BF72D /* StudentLocation.swift */ = {isa = PBXFileReference; fileEncoding = 4; lastKnownFileType = sourcecode.swift; path = StudentLocation.swift; sourceTree = "<group>"; };
		A58792DB14B0CDF4835DF242 /* Pods-On The Map.debug.xcconfig */ = {isa = PBXFileReference; includeInIndex = 1; lastKnownFileType = text.xcconfig; name = "Pods-On The Map.debug.xcconfig"; path = "Pods/Target Support Files/Pods-On The Map/Pods-On The Map.debug.xcconfig"; sourceTree = "<group>"; };
/* End PBXFileReference section */

/* Begin PBXFrameworksBuildPhase section */
		6436BD9B1C2AFE0000CA3FCC /* Frameworks */ = {
			isa = PBXFrameworksBuildPhase;
			buildActionMask = 2147483647;
			files = (
				64764DCD1C31D1FF009BF72D /* MapKit.framework in Frameworks */,
				646DFE211C317D950042F5D8 /* Pods_On_The_Map.framework in Frameworks */,
			);
			runOnlyForDeploymentPostprocessing = 0;
		};
		6436BDAF1C2AFE0100CA3FCC /* Frameworks */ = {
			isa = PBXFrameworksBuildPhase;
			buildActionMask = 2147483647;
			files = (
			);
			runOnlyForDeploymentPostprocessing = 0;
		};
		6436BDBA1C2AFE0100CA3FCC /* Frameworks */ = {
			isa = PBXFrameworksBuildPhase;
			buildActionMask = 2147483647;
			files = (
			);
			runOnlyForDeploymentPostprocessing = 0;
		};
/* End PBXFrameworksBuildPhase section */

/* Begin PBXGroup section */
		509031FA2ADD0CF5C2903DA8 /* Pods */ = {
			isa = PBXGroup;
			children = (
				A58792DB14B0CDF4835DF242 /* Pods-On The Map.debug.xcconfig */,
				367531602E4A4DD202CE9CAC /* Pods-On The Map.release.xcconfig */,
			);
			name = Pods;
			sourceTree = "<group>";
		};
		55B491D78267A7F5C6959382 /* Network */ = {
			isa = PBXGroup;
			children = (
				55B49562944C913D7AF5DF34 /* NetworkHelper.swift */,
				55B497E8AEA5E80812719033 /* Requests */,
				55B49F0B620265B1E3478E9C /* Responses */,
			);
			path = Network;
			sourceTree = "<group>";
		};
		55B495BC93CCB136934DB99D /* Managers */ = {
			isa = PBXGroup;
			children = (
				55B49F9BA170E57D07AAC224 /* DataManager.swift */,
				55B491D78267A7F5C6959382 /* Network */,
			);
			path = Managers;
			sourceTree = "<group>";
		};
		55B497E8AEA5E80812719033 /* Requests */ = {
			isa = PBXGroup;
			children = (
				55B49D950B81216174043F0D /* NewSessionRequest.swift */,
				55B49FC3377B4ACBA531730F /* NewSessionWithFacebookRequest.swift */,
				6473517A1C31A2B10031D218 /* StudentLocationRequest.swift */,
			);
			path = Requests;
			sourceTree = "<group>";
		};
		55B49C314B67D72EF0A2510B /* Models */ = {
			isa = PBXGroup;
			children = (
				55B497C74E5881E2D21615BC /* Account.swift */,
				64764DE01C31D9E4009BF72D /* StudentLocation.swift */,
				6422FCD31C35983B00B40E47 /* Pin.swift */,
			);
			path = Models;
			sourceTree = "<group>";
		};
		55B49F0B620265B1E3478E9C /* Responses */ = {
			isa = PBXGroup;
			children = (
				55B49754CE70542D98D7A65A /* NewSessionResponse.swift */,
				55B4937BF104CC946A70C271 /* AccountResponse.swift */,
				55B49F2562093981C68C8B89 /* SessionResponse.swift */,
				55B49934DDD902240479F81A /* FetchUserDataResponse.swift */,
				55B4964031C0571C62C1E495 /* UserResponse.swift */,
				55B4969276B087692A08AC1F /* DeleteSessionResponse.swift */,
				55B49427485D9800F03C4E02 /* ErrorResponse.swift */,
				647351761C31A04C0031D218 /* StudentLocationResponse.swift */,
				647351781C31A1620031D218 /* StudentLocationsResponse.swift */,
			);
			path = Responses;
			sourceTree = "<group>";
		};
		6409235F1C31E66100FEFD64 /* Utils */ = {
			isa = PBXGroup;
			children = (
				640923601C31E67D00FEFD64 /* UserDefaultsUtils.swift */,
			);
			name = Utils;
			sourceTree = "<group>";
		};
		6422FCE31C3741CB00B40E47 /* Contract */ = {
			isa = PBXGroup;
			children = (
				6422FCD71C367B5200B40E47 /* LocationsTabContractPresenter.swift */,
				6422FCDB1C37043800B40E47 /* LocationsTabContractView.swift */,
			);
			name = Contract;
			sourceTree = "<group>";
		};
		64367B6B1C2B00C00033AA71 /* Login */ = {
			isa = PBXGroup;
			children = (
				64367B6C1C2B00C70033AA71 /* Contract */,
				6436BDA31C2AFE0000CA3FCC /* AuthenticationViewController.swift */,
				64367B7A1C2B57EA0033AA71 /* AuthenticationPresenter.swift */,
			);
			name = Login;
			sourceTree = "<group>";
		};
		64367B6C1C2B00C70033AA71 /* Contract */ = {
			isa = PBXGroup;
			children = (
				64367B6D1C2B010C0033AA71 /* AuthenticationContractPresenter.swift */,
				64367B6F1C2B01BE0033AA71 /* AuthenticationContractView.swift */,
			);
			name = Contract;
			sourceTree = "<group>";
		};
		6436BD951C2AFE0000CA3FCC = {
			isa = PBXGroup;
			children = (
				64764DCE1C31D23F009BF72D /* Frameworks */,
				6436BDA01C2AFE0000CA3FCC /* On The Map */,
				6436BDB51C2AFE0100CA3FCC /* On The MapTests */,
				6436BDC01C2AFE0100CA3FCC /* On The MapUITests */,
				509031FA2ADD0CF5C2903DA8 /* Pods */,
				6436BD9F1C2AFE0000CA3FCC /* Products */,
			);
			sourceTree = "<group>";
		};
		6436BD9F1C2AFE0000CA3FCC /* Products */ = {
			isa = PBXGroup;
			children = (
				6436BD9E1C2AFE0000CA3FCC /* On The Map.app */,
				6436BDB21C2AFE0100CA3FCC /* On The MapTests.xctest */,
				6436BDBD1C2AFE0100CA3FCC /* On The MapUITests.xctest */,
			);
			name = Products;
			sourceTree = "<group>";
		};
		6436BDA01C2AFE0000CA3FCC /* On The Map */ = {
			isa = PBXGroup;
			children = (
				6409235F1C31E66100FEFD64 /* Utils */,
				6436BDCF1C2AFE7A00CA3FCC /* UI */,
				6436BDA11C2AFE0000CA3FCC /* AppDelegate.swift */,
				6436BDA81C2AFE0000CA3FCC /* Assets.xcassets */,
				6436BDAD1C2AFE0000CA3FCC /* Info.plist */,
				55B495BC93CCB136934DB99D /* Managers */,
				55B49C314B67D72EF0A2510B /* Models */,
			);
			path = "On The Map";
			sourceTree = "<group>";
		};
		6436BDB51C2AFE0100CA3FCC /* On The MapTests */ = {
			isa = PBXGroup;
			children = (
				6436BDB61C2AFE0100CA3FCC /* On_The_MapTests.swift */,
				6436BDB81C2AFE0100CA3FCC /* Info.plist */,
			);
			path = "On The MapTests";
			sourceTree = "<group>";
		};
		6436BDC01C2AFE0100CA3FCC /* On The MapUITests */ = {
			isa = PBXGroup;
			children = (
				6436BDC11C2AFE0100CA3FCC /* On_The_MapUITests.swift */,
				6436BDC31C2AFE0100CA3FCC /* Info.plist */,
			);
			path = "On The MapUITests";
			sourceTree = "<group>";
		};
		6436BDCF1C2AFE7A00CA3FCC /* UI */ = {
			isa = PBXGroup;
			children = (
				646DFE221C318C8A0042F5D8 /* Locations */,
				6436BDA51C2AFE0000CA3FCC /* Main.storyboard */,
				6436BDAA1C2AFE0000CA3FCC /* LaunchScreen.storyboard */,
				64367B6B1C2B00C00033AA71 /* Login */,
				6422FCD51C36758700B40E47 /* ErrorAlert.swift */,
			);
			name = UI;
			sourceTree = "<group>";
		};
		646DFE221C318C8A0042F5D8 /* Locations */ = {
			isa = PBXGroup;
			children = (
				64764DD61C31D7B7009BF72D /* Tabs */,
				64764DCF1C31D4E2009BF72D /* Contract */,
				646DFE231C318CA50042F5D8 /* LocationsViewController.swift */,
				64764DD41C31D580009BF72D /* LocationsPresenter.swift */,
			);
			name = Locations;
			sourceTree = "<group>";
		};
		64764DCE1C31D23F009BF72D /* Frameworks */ = {
			isa = PBXGroup;
			children = (
				64764DCC1C31D1FF009BF72D /* MapKit.framework */,
				646DFE201C317D950042F5D8 /* Pods_On_The_Map.framework */,
			);
			name = Frameworks;
			sourceTree = "<group>";
		};
		64764DCF1C31D4E2009BF72D /* Contract */ = {
			isa = PBXGroup;
			children = (
				64764DD01C31D4F6009BF72D /* LocationsContractView.swift */,
				64764DD21C31D550009BF72D /* LocationsContractPresenter.swift */,
			);
			name = Contract;
			sourceTree = "<group>";
		};
		64764DD61C31D7B7009BF72D /* Tabs */ = {
			isa = PBXGroup;
			children = (
				6422FCE31C3741CB00B40E47 /* Contract */,
				64764DDE1C31D836009BF72D /* LocationsTabPresenter.swift */,
				64764DDC1C31D80D009BF72D /* LocationsMapViewController.swift */,
				6422FCE41C37420D00B40E47 /* LocationsListViewController.swift */,
			);
			name = Tabs;
			sourceTree = "<group>";
		};
/* End PBXGroup section */

/* Begin PBXNativeTarget section */
		6436BD9D1C2AFE0000CA3FCC /* On The Map */ = {
			isa = PBXNativeTarget;
			buildConfigurationList = 6436BDC61C2AFE0100CA3FCC /* Build configuration list for PBXNativeTarget "On The Map" */;
			buildPhases = (
				7010E71D533ED29BAEC2DF56 /* Check Pods Manifest.lock */,
				6436BD9A1C2AFE0000CA3FCC /* Sources */,
				6436BD9B1C2AFE0000CA3FCC /* Frameworks */,
				6436BD9C1C2AFE0000CA3FCC /* Resources */,
				6BA6CAD3A05E13A520F53C37 /* Embed Pods Frameworks */,
				8D623C60DD54B0B07565C09F /* Copy Pods Resources */,
			);
			buildRules = (
			);
			dependencies = (
			);
			name = "On The Map";
			productName = "On The Map";
			productReference = 6436BD9E1C2AFE0000CA3FCC /* On The Map.app */;
			productType = "com.apple.product-type.application";
		};
		6436BDB11C2AFE0100CA3FCC /* On The MapTests */ = {
			isa = PBXNativeTarget;
			buildConfigurationList = 6436BDC91C2AFE0100CA3FCC /* Build configuration list for PBXNativeTarget "On The MapTests" */;
			buildPhases = (
				6436BDAE1C2AFE0100CA3FCC /* Sources */,
				6436BDAF1C2AFE0100CA3FCC /* Frameworks */,
				6436BDB01C2AFE0100CA3FCC /* Resources */,
			);
			buildRules = (
			);
			dependencies = (
				6436BDB41C2AFE0100CA3FCC /* PBXTargetDependency */,
			);
			name = "On The MapTests";
			productName = "On The MapTests";
			productReference = 6436BDB21C2AFE0100CA3FCC /* On The MapTests.xctest */;
			productType = "com.apple.product-type.bundle.unit-test";
		};
		6436BDBC1C2AFE0100CA3FCC /* On The MapUITests */ = {
			isa = PBXNativeTarget;
			buildConfigurationList = 6436BDCC1C2AFE0100CA3FCC /* Build configuration list for PBXNativeTarget "On The MapUITests" */;
			buildPhases = (
				6436BDB91C2AFE0100CA3FCC /* Sources */,
				6436BDBA1C2AFE0100CA3FCC /* Frameworks */,
				6436BDBB1C2AFE0100CA3FCC /* Resources */,
			);
			buildRules = (
			);
			dependencies = (
				6436BDBF1C2AFE0100CA3FCC /* PBXTargetDependency */,
			);
			name = "On The MapUITests";
			productName = "On The MapUITests";
			productReference = 6436BDBD1C2AFE0100CA3FCC /* On The MapUITests.xctest */;
			productType = "com.apple.product-type.bundle.ui-testing";
		};
/* End PBXNativeTarget section */

/* Begin PBXProject section */
		6436BD961C2AFE0000CA3FCC /* Project object */ = {
			isa = PBXProject;
			attributes = {
				LastSwiftUpdateCheck = 0720;
				LastUpgradeCheck = 0720;
				ORGANIZATIONNAME = "Daniele Vitali";
				TargetAttributes = {
					6436BD9D1C2AFE0000CA3FCC = {
						CreatedOnToolsVersion = 7.2;
						DevelopmentTeam = ZY92M8YX79;
					};
					6436BDB11C2AFE0100CA3FCC = {
						CreatedOnToolsVersion = 7.2;
						DevelopmentTeam = ZY92M8YX79;
						TestTargetID = 6436BD9D1C2AFE0000CA3FCC;
					};
					6436BDBC1C2AFE0100CA3FCC = {
						CreatedOnToolsVersion = 7.2;
						DevelopmentTeam = ZY92M8YX79;
						TestTargetID = 6436BD9D1C2AFE0000CA3FCC;
					};
				};
			};
			buildConfigurationList = 6436BD991C2AFE0000CA3FCC /* Build configuration list for PBXProject "On The Map" */;
			compatibilityVersion = "Xcode 3.2";
			developmentRegion = English;
			hasScannedForEncodings = 0;
			knownRegions = (
				en,
				Base,
			);
			mainGroup = 6436BD951C2AFE0000CA3FCC;
			productRefGroup = 6436BD9F1C2AFE0000CA3FCC /* Products */;
			projectDirPath = "";
			projectRoot = "";
			targets = (
				6436BD9D1C2AFE0000CA3FCC /* On The Map */,
				6436BDB11C2AFE0100CA3FCC /* On The MapTests */,
				6436BDBC1C2AFE0100CA3FCC /* On The MapUITests */,
			);
		};
/* End PBXProject section */

/* Begin PBXResourcesBuildPhase section */
		6436BD9C1C2AFE0000CA3FCC /* Resources */ = {
			isa = PBXResourcesBuildPhase;
			buildActionMask = 2147483647;
			files = (
				6436BDAC1C2AFE0000CA3FCC /* LaunchScreen.storyboard in Resources */,
				6436BDA91C2AFE0000CA3FCC /* Assets.xcassets in Resources */,
				6436BDA71C2AFE0000CA3FCC /* Main.storyboard in Resources */,
			);
			runOnlyForDeploymentPostprocessing = 0;
		};
		6436BDB01C2AFE0100CA3FCC /* Resources */ = {
			isa = PBXResourcesBuildPhase;
			buildActionMask = 2147483647;
			files = (
			);
			runOnlyForDeploymentPostprocessing = 0;
		};
		6436BDBB1C2AFE0100CA3FCC /* Resources */ = {
			isa = PBXResourcesBuildPhase;
			buildActionMask = 2147483647;
			files = (
			);
			runOnlyForDeploymentPostprocessing = 0;
		};
/* End PBXResourcesBuildPhase section */

/* Begin PBXShellScriptBuildPhase section */
		6BA6CAD3A05E13A520F53C37 /* Embed Pods Frameworks */ = {
			isa = PBXShellScriptBuildPhase;
			buildActionMask = 2147483647;
			files = (
			);
			inputPaths = (
			);
			name = "Embed Pods Frameworks";
			outputPaths = (
			);
			runOnlyForDeploymentPostprocessing = 0;
			shellPath = /bin/sh;
			shellScript = "\"${SRCROOT}/Pods/Target Support Files/Pods-On The Map/Pods-On The Map-frameworks.sh\"\n";
			showEnvVarsInLog = 0;
		};
		7010E71D533ED29BAEC2DF56 /* Check Pods Manifest.lock */ = {
			isa = PBXShellScriptBuildPhase;
			buildActionMask = 2147483647;
			files = (
			);
			inputPaths = (
			);
			name = "Check Pods Manifest.lock";
			outputPaths = (
			);
			runOnlyForDeploymentPostprocessing = 0;
			shellPath = /bin/sh;
			shellScript = "diff \"${PODS_ROOT}/../Podfile.lock\" \"${PODS_ROOT}/Manifest.lock\" > /dev/null\nif [[ $? != 0 ]] ; then\n    cat << EOM\nerror: The sandbox is not in sync with the Podfile.lock. Run 'pod install' or update your CocoaPods installation.\nEOM\n    exit 1\nfi\n";
			showEnvVarsInLog = 0;
		};
		8D623C60DD54B0B07565C09F /* Copy Pods Resources */ = {
			isa = PBXShellScriptBuildPhase;
			buildActionMask = 2147483647;
			files = (
			);
			inputPaths = (
			);
			name = "Copy Pods Resources";
			outputPaths = (
			);
			runOnlyForDeploymentPostprocessing = 0;
			shellPath = /bin/sh;
			shellScript = "\"${SRCROOT}/Pods/Target Support Files/Pods-On The Map/Pods-On The Map-resources.sh\"\n";
			showEnvVarsInLog = 0;
		};
/* End PBXShellScriptBuildPhase section */

/* Begin PBXSourcesBuildPhase section */
		6436BD9A1C2AFE0000CA3FCC /* Sources */ = {
			isa = PBXSourcesBuildPhase;
			buildActionMask = 2147483647;
			files = (
				64367B701C2B01BE0033AA71 /* AuthenticationContractView.swift in Sources */,
				64367B6E1C2B010C0033AA71 /* AuthenticationContractPresenter.swift in Sources */,
				640923611C31E67D00FEFD64 /* UserDefaultsUtils.swift in Sources */,
				647351771C31A04C0031D218 /* StudentLocationResponse.swift in Sources */,
				64367B7B1C2B57EA0033AA71 /* AuthenticationPresenter.swift in Sources */,
				6436BDA41C2AFE0000CA3FCC /* AuthenticationViewController.swift in Sources */,
				6436BDA21C2AFE0000CA3FCC /* AppDelegate.swift in Sources */,
				64764DE11C31D9E4009BF72D /* StudentLocation.swift in Sources */,
				6422FCD61C36758700B40E47 /* ErrorAlert.swift in Sources */,
				64764DDD1C31D80D009BF72D /* LocationsMapViewController.swift in Sources */,
				646DFE241C318CA50042F5D8 /* LocationsViewController.swift in Sources */,
				55B49CCD0350624E81F8536A /* DataManager.swift in Sources */,
				55B49C33E94CB94ECA0813F4 /* NetworkHelper.swift in Sources */,
				6422FCD81C367B5200B40E47 /* LocationsTabContractPresenter.swift in Sources */,
				6473517B1C31A2B10031D218 /* StudentLocationRequest.swift in Sources */,
				55B49633E913504294C405FB /* NewSessionRequest.swift in Sources */,
				64764DDF1C31D836009BF72D /* LocationsTabPresenter.swift in Sources */,
				55B4982C1173E56508F51C8E /* NewSessionResponse.swift in Sources */,
				55B499CB86FA90A615B6CB3E /* AccountResponse.swift in Sources */,
				64764DD31C31D550009BF72D /* LocationsContractPresenter.swift in Sources */,
				55B49831D21E0C13F522E229 /* SessionResponse.swift in Sources */,
				64764DD51C31D580009BF72D /* LocationsPresenter.swift in Sources */,
				55B495F4ED2E9D02AF32BDA4 /* FetchUserDataResponse.swift in Sources */,
				55B49E512B9C66AFFA75FFF1 /* UserResponse.swift in Sources */,
				647351791C31A1620031D218 /* StudentLocationsResponse.swift in Sources */,
				64764DD11C31D4F6009BF72D /* LocationsContractView.swift in Sources */,
				55B4919119CF4985EF5EF67F /* DeleteSessionResponse.swift in Sources */,
				55B4929165C7A0D2AB656B69 /* Account.swift in Sources */,
				6422FCDC1C37043800B40E47 /* LocationsTabContractView.swift in Sources */,
				55B490C2AE0556C4253C65EC /* ErrorResponse.swift in Sources */,
				55B494CF15829E35E1395BC1 /* NewSessionWithFacebookRequest.swift in Sources */,
				6422FCE51C37420D00B40E47 /* LocationsListViewController.swift in Sources */,
				6422FCD41C35983B00B40E47 /* Pin.swift in Sources */,
			);
			runOnlyForDeploymentPostprocessing = 0;
		};
		6436BDAE1C2AFE0100CA3FCC /* Sources */ = {
			isa = PBXSourcesBuildPhase;
			buildActionMask = 2147483647;
			files = (
				6436BDB71C2AFE0100CA3FCC /* On_The_MapTests.swift in Sources */,
			);
			runOnlyForDeploymentPostprocessing = 0;
		};
		6436BDB91C2AFE0100CA3FCC /* Sources */ = {
			isa = PBXSourcesBuildPhase;
			buildActionMask = 2147483647;
			files = (
				6436BDC21C2AFE0100CA3FCC /* On_The_MapUITests.swift in Sources */,
			);
			runOnlyForDeploymentPostprocessing = 0;
		};
/* End PBXSourcesBuildPhase section */

/* Begin PBXTargetDependency section */
		6436BDB41C2AFE0100CA3FCC /* PBXTargetDependency */ = {
			isa = PBXTargetDependency;
			target = 6436BD9D1C2AFE0000CA3FCC /* On The Map */;
			targetProxy = 6436BDB31C2AFE0100CA3FCC /* PBXContainerItemProxy */;
		};
		6436BDBF1C2AFE0100CA3FCC /* PBXTargetDependency */ = {
			isa = PBXTargetDependency;
			target = 6436BD9D1C2AFE0000CA3FCC /* On The Map */;
			targetProxy = 6436BDBE1C2AFE0100CA3FCC /* PBXContainerItemProxy */;
		};
/* End PBXTargetDependency section */

/* Begin PBXVariantGroup section */
		6436BDA51C2AFE0000CA3FCC /* Main.storyboard */ = {
			isa = PBXVariantGroup;
			children = (
				64367B761C2B52480033AA71 /* Base */,
			);
			name = Main.storyboard;
			sourceTree = "<group>";
		};
		6436BDAA1C2AFE0000CA3FCC /* LaunchScreen.storyboard */ = {
			isa = PBXVariantGroup;
			children = (
				64367B771C2B52480033AA71 /* Base */,
			);
			name = LaunchScreen.storyboard;
			sourceTree = "<group>";
		};
/* End PBXVariantGroup section */

/* Begin XCBuildConfiguration section */
		6436BDC41C2AFE0100CA3FCC /* Debug */ = {
			isa = XCBuildConfiguration;
			buildSettings = {
				ALWAYS_SEARCH_USER_PATHS = NO;
				CLANG_CXX_LANGUAGE_STANDARD = "gnu++0x";
				CLANG_CXX_LIBRARY = "libc++";
				CLANG_ENABLE_MODULES = YES;
				CLANG_ENABLE_OBJC_ARC = YES;
				CLANG_WARN_BOOL_CONVERSION = YES;
				CLANG_WARN_CONSTANT_CONVERSION = YES;
				CLANG_WARN_DIRECT_OBJC_ISA_USAGE = YES_ERROR;
				CLANG_WARN_EMPTY_BODY = YES;
				CLANG_WARN_ENUM_CONVERSION = YES;
				CLANG_WARN_INT_CONVERSION = YES;
				CLANG_WARN_OBJC_ROOT_CLASS = YES_ERROR;
				CLANG_WARN_UNREACHABLE_CODE = YES;
				CLANG_WARN__DUPLICATE_METHOD_MATCH = YES;
				"CODE_SIGN_IDENTITY[sdk=iphoneos*]" = "iPhone Developer";
				COPY_PHASE_STRIP = NO;
				DEBUG_INFORMATION_FORMAT = dwarf;
				ENABLE_STRICT_OBJC_MSGSEND = YES;
				ENABLE_TESTABILITY = YES;
				GCC_C_LANGUAGE_STANDARD = gnu99;
				GCC_DYNAMIC_NO_PIC = NO;
				GCC_NO_COMMON_BLOCKS = YES;
				GCC_OPTIMIZATION_LEVEL = 0;
				GCC_PREPROCESSOR_DEFINITIONS = (
					"DEBUG=1",
					"$(inherited)",
				);
				GCC_WARN_64_TO_32_BIT_CONVERSION = YES;
				GCC_WARN_ABOUT_RETURN_TYPE = YES_ERROR;
				GCC_WARN_UNDECLARED_SELECTOR = YES;
				GCC_WARN_UNINITIALIZED_AUTOS = YES_AGGRESSIVE;
				GCC_WARN_UNUSED_FUNCTION = YES;
				GCC_WARN_UNUSED_VARIABLE = YES;
				IPHONEOS_DEPLOYMENT_TARGET = 9.2;
				MTL_ENABLE_DEBUG_INFO = YES;
				ONLY_ACTIVE_ARCH = YES;
				SDKROOT = iphoneos;
				SWIFT_OPTIMIZATION_LEVEL = "-Onone";
			};
			name = Debug;
		};
		6436BDC51C2AFE0100CA3FCC /* Release */ = {
			isa = XCBuildConfiguration;
			buildSettings = {
				ALWAYS_SEARCH_USER_PATHS = NO;
				CLANG_CXX_LANGUAGE_STANDARD = "gnu++0x";
				CLANG_CXX_LIBRARY = "libc++";
				CLANG_ENABLE_MODULES = YES;
				CLANG_ENABLE_OBJC_ARC = YES;
				CLANG_WARN_BOOL_CONVERSION = YES;
				CLANG_WARN_CONSTANT_CONVERSION = YES;
				CLANG_WARN_DIRECT_OBJC_ISA_USAGE = YES_ERROR;
				CLANG_WARN_EMPTY_BODY = YES;
				CLANG_WARN_ENUM_CONVERSION = YES;
				CLANG_WARN_INT_CONVERSION = YES;
				CLANG_WARN_OBJC_ROOT_CLASS = YES_ERROR;
				CLANG_WARN_UNREACHABLE_CODE = YES;
				CLANG_WARN__DUPLICATE_METHOD_MATCH = YES;
				"CODE_SIGN_IDENTITY[sdk=iphoneos*]" = "iPhone Developer";
				COPY_PHASE_STRIP = NO;
				DEBUG_INFORMATION_FORMAT = "dwarf-with-dsym";
				ENABLE_NS_ASSERTIONS = NO;
				ENABLE_STRICT_OBJC_MSGSEND = YES;
				GCC_C_LANGUAGE_STANDARD = gnu99;
				GCC_NO_COMMON_BLOCKS = YES;
				GCC_WARN_64_TO_32_BIT_CONVERSION = YES;
				GCC_WARN_ABOUT_RETURN_TYPE = YES_ERROR;
				GCC_WARN_UNDECLARED_SELECTOR = YES;
				GCC_WARN_UNINITIALIZED_AUTOS = YES_AGGRESSIVE;
				GCC_WARN_UNUSED_FUNCTION = YES;
				GCC_WARN_UNUSED_VARIABLE = YES;
				IPHONEOS_DEPLOYMENT_TARGET = 9.2;
				MTL_ENABLE_DEBUG_INFO = NO;
				SDKROOT = iphoneos;
				VALIDATE_PRODUCT = YES;
			};
			name = Release;
		};
		6436BDC71C2AFE0100CA3FCC /* Debug */ = {
			isa = XCBuildConfiguration;
			baseConfigurationReference = A58792DB14B0CDF4835DF242 /* Pods-On The Map.debug.xcconfig */;
			buildSettings = {
				ASSETCATALOG_COMPILER_APPICON_NAME = AppIcon;
				FRAMEWORK_SEARCH_PATHS = (
					"$(inherited)",
					"$(PROJECT_DIR)",
					"\"${PROJECT_DIR}/FacebookSDKs-iOS-20151111\"/**",
					"$(PROJECT_DIR)/build/Debug-iphoneos",
					"$(PROJECT_DIR)/build/Release-iphoneos",
				);
				INFOPLIST_FILE = "On The Map/Info.plist";
				LD_RUNPATH_SEARCH_PATHS = "$(inherited) @executable_path/Frameworks";
				PRODUCT_BUNDLE_IDENTIFIER = "danielevitali.On-The-Map";
				PRODUCT_NAME = "$(TARGET_NAME)";
			};
			name = Debug;
		};
		6436BDC81C2AFE0100CA3FCC /* Release */ = {
			isa = XCBuildConfiguration;
			baseConfigurationReference = 367531602E4A4DD202CE9CAC /* Pods-On The Map.release.xcconfig */;
			buildSettings = {
				ASSETCATALOG_COMPILER_APPICON_NAME = AppIcon;
				FRAMEWORK_SEARCH_PATHS = (
					"$(inherited)",
					"$(PROJECT_DIR)",
					"\"${PROJECT_DIR}/FacebookSDKs-iOS-20151111\"/**",
					"$(PROJECT_DIR)/build/Debug-iphoneos",
					"$(PROJECT_DIR)/build/Release-iphoneos",
				);
				INFOPLIST_FILE = "On The Map/Info.plist";
				LD_RUNPATH_SEARCH_PATHS = "$(inherited) @executable_path/Frameworks";
				PRODUCT_BUNDLE_IDENTIFIER = "danielevitali.On-The-Map";
				PRODUCT_NAME = "$(TARGET_NAME)";
			};
			name = Release;
		};
		6436BDCA1C2AFE0100CA3FCC /* Debug */ = {
			isa = XCBuildConfiguration;
			buildSettings = {
				BUNDLE_LOADER = "$(TEST_HOST)";
				INFOPLIST_FILE = "On The MapTests/Info.plist";
				LD_RUNPATH_SEARCH_PATHS = "$(inherited) @executable_path/Frameworks @loader_path/Frameworks";
				PRODUCT_BUNDLE_IDENTIFIER = "danielevitali.On-The-MapTests";
				PRODUCT_NAME = "$(TARGET_NAME)";
				TEST_HOST = "$(BUILT_PRODUCTS_DIR)/On The Map.app/On The Map";
			};
			name = Debug;
		};
		6436BDCB1C2AFE0100CA3FCC /* Release */ = {
			isa = XCBuildConfiguration;
			buildSettings = {
				BUNDLE_LOADER = "$(TEST_HOST)";
				INFOPLIST_FILE = "On The MapTests/Info.plist";
				LD_RUNPATH_SEARCH_PATHS = "$(inherited) @executable_path/Frameworks @loader_path/Frameworks";
				PRODUCT_BUNDLE_IDENTIFIER = "danielevitali.On-The-MapTests";
				PRODUCT_NAME = "$(TARGET_NAME)";
				TEST_HOST = "$(BUILT_PRODUCTS_DIR)/On The Map.app/On The Map";
			};
			name = Release;
		};
		6436BDCD1C2AFE0100CA3FCC /* Debug */ = {
			isa = XCBuildConfiguration;
			buildSettings = {
				INFOPLIST_FILE = "On The MapUITests/Info.plist";
				LD_RUNPATH_SEARCH_PATHS = "$(inherited) @executable_path/Frameworks @loader_path/Frameworks";
				PRODUCT_BUNDLE_IDENTIFIER = "danielevitali.On-The-MapUITests";
				PRODUCT_NAME = "$(TARGET_NAME)";
				TEST_TARGET_NAME = "On The Map";
				USES_XCTRUNNER = YES;
			};
			name = Debug;
		};
		6436BDCE1C2AFE0100CA3FCC /* Release */ = {
			isa = XCBuildConfiguration;
			buildSettings = {
				INFOPLIST_FILE = "On The MapUITests/Info.plist";
				LD_RUNPATH_SEARCH_PATHS = "$(inherited) @executable_path/Frameworks @loader_path/Frameworks";
				PRODUCT_BUNDLE_IDENTIFIER = "danielevitali.On-The-MapUITests";
				PRODUCT_NAME = "$(TARGET_NAME)";
				TEST_TARGET_NAME = "On The Map";
				USES_XCTRUNNER = YES;
			};
			name = Release;
		};
/* End XCBuildConfiguration section */

/* Begin XCConfigurationList section */
		6436BD991C2AFE0000CA3FCC /* Build configuration list for PBXProject "On The Map" */ = {
			isa = XCConfigurationList;
			buildConfigurations = (
				6436BDC41C2AFE0100CA3FCC /* Debug */,
				6436BDC51C2AFE0100CA3FCC /* Release */,
			);
			defaultConfigurationIsVisible = 0;
			defaultConfigurationName = Release;
		};
		6436BDC61C2AFE0100CA3FCC /* Build configuration list for PBXNativeTarget "On The Map" */ = {
			isa = XCConfigurationList;
			buildConfigurations = (
				6436BDC71C2AFE0100CA3FCC /* Debug */,
				6436BDC81C2AFE0100CA3FCC /* Release */,
			);
			defaultConfigurationIsVisible = 0;
			defaultConfigurationName = Release;
		};
		6436BDC91C2AFE0100CA3FCC /* Build configuration list for PBXNativeTarget "On The MapTests" */ = {
			isa = XCConfigurationList;
			buildConfigurations = (
				6436BDCA1C2AFE0100CA3FCC /* Debug */,
				6436BDCB1C2AFE0100CA3FCC /* Release */,
			);
			defaultConfigurationIsVisible = 0;
			defaultConfigurationName = Release;
		};
		6436BDCC1C2AFE0100CA3FCC /* Build configuration list for PBXNativeTarget "On The MapUITests" */ = {
			isa = XCConfigurationList;
			buildConfigurations = (
				6436BDCD1C2AFE0100CA3FCC /* Debug */,
				6436BDCE1C2AFE0100CA3FCC /* Release */,
			);
			defaultConfigurationIsVisible = 0;
			defaultConfigurationName = Release;
		};
/* End XCConfigurationList section */
	};
	rootObject = 6436BD961C2AFE0000CA3FCC /* Project object */;
}
